
Microsoft Visual Studio Solution File, Format Version 12.00
# Visual Studio Version 17
VisualStudioVersion = 17.14.36221.1 d17.14
MinimumVisualStudioVersion = 10.0.40219.1
Project("{FAE04EC0-301F-11D3-BF4B-00C04F79EFBC}") = "practical 4", "practical 4.csproj", "{D2BE1128-B4EC-4732-9EC8-9989943F94D4}"
EndProject
Global
	GlobalSection(SolutionConfigurationPlatforms) = preSolution
		Debug|Any CPU = Debug|Any CPU
		Release|Any CPU = Release|Any CPU
	EndGlobalSection
	GlobalSection(ProjectConfigurationPlatforms) = postSolution
		{D2BE1128-B4EC-4732-9EC8-9989943F94D4}.Debug|Any CPU.ActiveCfg = Debug|Any CPU
		{D2BE1128-B4EC-4732-9EC8-9989943F94D4}.Debug|Any CPU.Build.0 = Debug|Any CPU
		{D2BE1128-B4EC-4732-9EC8-9989943F94D4}.Release|Any CPU.ActiveCfg = Release|Any CPU
		{D2BE1128-B4EC-4732-9EC8-9989943F94D4}.Release|Any CPU.Build.0 = Release|Any CPU
	EndGlobalSection
	GlobalSection(SolutionProperties) = preSolution
		HideSolutionNode = FALSE
	EndGlobalSection
	GlobalSection(ExtensibilityGlobals) = postSolution
		SolutionGuid = {873855A8-A78F-4A5F-8462-40F36572785E}
	EndGlobalSection
EndGlobal
