
Microsoft Visual Studio Solution File, Format Version 12.00
# Visual Studio Version 17
VisualStudioVersion = 17.12.35527.113 d17.12
MinimumVisualStudioVersion = 10.0.40219.1
Project("{FAE04EC0-301F-11D3-BF4B-00C04F79EFBC}") = "practical 5", "practical 5\practical 5.csproj", "{3A7B3581-B3B5-4AFA-8BDC-D5BD2D765B4C}"
EndProject
Global
	GlobalSection(SolutionConfigurationPlatforms) = preSolution
		Debug|Any CPU = Debug|Any CPU
		Release|Any CPU = Release|Any CPU
	EndGlobalSection
	GlobalSection(ProjectConfigurationPlatforms) = postSolution
		{3A7B3581-B3B5-4AFA-8BDC-D5BD2D765B4C}.Debug|Any CPU.ActiveCfg = Debug|Any CPU
		{3A7B3581-B3B5-4AFA-8BDC-D5BD2D765B4C}.Debug|Any CPU.Build.0 = Debug|Any CPU
		{3A7B3581-B3B5-4AFA-8BDC-D5BD2D765B4C}.Release|Any CPU.ActiveCfg = Release|Any CPU
		{3A7B3581-B3B5-4AFA-8BDC-D5BD2D765B4C}.Release|Any CPU.Build.0 = Release|Any CPU
	EndGlobalSection
	GlobalSection(SolutionProperties) = preSolution
		HideSolutionNode = FALSE
	EndGlobalSection
EndGlobal
