
Microsoft Visual Studio Solution File, Format Version 12.00
# Visual Studio Version 17
VisualStudioVersion = 17.14.36221.1 d17.14
MinimumVisualStudioVersion = 10.0.40219.1
Project("{FAE04EC0-301F-11D3-BF4B-00C04F79EFBC}") = "practical4", "practical4.csproj", "{D720E0AF-71CB-43CE-844C-8BD3E15C930C}"
EndProject
Global
	GlobalSection(SolutionConfigurationPlatforms) = preSolution
		Debug|Any CPU = Debug|Any CPU
		Release|Any CPU = Release|Any CPU
	EndGlobalSection
	GlobalSection(ProjectConfigurationPlatforms) = postSolution
		{D720E0AF-71CB-43CE-844C-8BD3E15C930C}.Debug|Any CPU.ActiveCfg = Debug|Any CPU
		{D720E0AF-71CB-43CE-844C-8BD3E15C930C}.Debug|Any CPU.Build.0 = Debug|Any CPU
		{D720E0AF-71CB-43CE-844C-8BD3E15C930C}.Release|Any CPU.ActiveCfg = Release|Any CPU
		{D720E0AF-71CB-43CE-844C-8BD3E15C930C}.Release|Any CPU.Build.0 = Release|Any CPU
	EndGlobalSection
	GlobalSection(SolutionProperties) = preSolution
		HideSolutionNode = FALSE
	EndGlobalSection
	GlobalSection(ExtensibilityGlobals) = postSolution
		SolutionGuid = {193423C9-FDAA-4E90-9998-6346A1ECAE3B}
	EndGlobalSection
EndGlobal
