
Microsoft Visual Studio Solution File, Format Version 12.00
# Visual Studio Version 17
VisualStudioVersion = 17.14.36221.1 d17.14
MinimumVisualStudioVersion = 10.0.40219.1
Project("{FAE04EC0-301F-11D3-BF4B-00C04F79EFBC}") = "practical 2", "practical 2.csproj", "{B1480A6B-9566-46FC-8379-2350997C7721}"
EndProject
Global
	GlobalSection(SolutionConfigurationPlatforms) = preSolution
		Debug|Any CPU = Debug|Any CPU
		Release|Any CPU = Release|Any CPU
	EndGlobalSection
	GlobalSection(ProjectConfigurationPlatforms) = postSolution
		{B1480A6B-9566-46FC-8379-2350997C7721}.Debug|Any CPU.ActiveCfg = Debug|Any CPU
		{B1480A6B-9566-46FC-8379-2350997C7721}.Debug|Any CPU.Build.0 = Debug|Any CPU
		{B1480A6B-9566-46FC-8379-2350997C7721}.Release|Any CPU.ActiveCfg = Release|Any CPU
		{B1480A6B-9566-46FC-8379-2350997C7721}.Release|Any CPU.Build.0 = Release|Any CPU
	EndGlobalSection
	GlobalSection(SolutionProperties) = preSolution
		HideSolutionNode = FALSE
	EndGlobalSection
	GlobalSection(ExtensibilityGlobals) = postSolution
		SolutionGuid = {C75A229D-81B6-4995-84D5-FC29303294DE}
	EndGlobalSection
EndGlobal
